# THIS IS AN AUTOGENERATED FILE. DO NOT EDIT THIS FILE DIRECTLY.
# yarn lockfile v1


"@iosio/custom-elements-router@^0.5.47":
  version "0.5.47"
  resolved "https://registry.yarnpkg.com/@iosio/custom-elements-router/-/custom-elements-router-0.5.47.tgz#c4f8678c9a208e017cc3c9b4dd8b7cf03535cc9d"
  integrity sha512-ar1Vfd9XRl9wItK5ZJ+XA52goB0xRbOXIb6Qfw+jgpeF8n519QrifJzTv+gpwQY++tmOhL6pR0zWaBbqcy0XDg==
  dependencies:
    "@iosio/routing" "^0.5.47"
    "@iosio/util" "^0.5.47"

"@iosio/obi@^0.5.47":
  version "0.5.47"
  resolved "https://registry.yarnpkg.com/@iosio/obi/-/obi-0.5.47.tgz#93a43af0775e192fb8ad7b065aa309da8b477f20"
  integrity sha512-yMXYhf0H2Tvx3PO0fbvWX7z7VLWXdZBDoPAfrSTOQa704WDW9gSoeC3pwH18BAlmbuqeWVasiago2Rg/QlDbqQ==
  dependencies:
    "@iosio/util" "^0.5.47"

"@iosio/routing@^0.5.47":
  version "0.5.47"
  resolved "https://registry.yarnpkg.com/@iosio/routing/-/routing-0.5.47.tgz#b70b291aaf731de9b698b893abb8c35166e75975"
  integrity sha512-5LyKIaDaB3EpFGhK2Bcb40HtSoOK5WyGV0NLNzrbo7h++LvI/zmXrd8UKy7W6kAjcsIq+8e4gz5k+RtqrkVzSw==
  dependencies:
    "@iosio/obi" "^0.5.47"
    "@iosio/util" "^0.5.47"

"@iosio/util@^0.5.47":
  version "0.5.47"
  resolved "https://registry.yarnpkg.com/@iosio/util/-/util-0.5.47.tgz#7edad87a23c9e17a7e1994ef30cd95e7d6ea2bad"
  integrity sha512-CQefORL4W0ixpeP6gAqzoUQhSpnfAsDDij1jHHkMxIX7FSCgJ1/NgcmYbdNMHTfKrixXOCf3ccL6oJAgl9LuVw==

"@iosio/x-base@^0.5.47":
  version "0.5.47"
  resolved "https://registry.yarnpkg.com/@iosio/x-base/-/x-base-0.5.47.tgz#af09d0cdb6a1a21088ae64df6603516de1731c1a"
  integrity sha512-lQbDg7dPTNtR+I9auzIYpmE6+CcH0UXnR5gL57KJ4U9vR3P5qOXadp1br5blKYBCexK6bxLW2AKPry5lHg1kEA==
  dependencies:
    "@iosio/util" "^0.5.47"

"@iosio/x@^0.5.47":
  version "0.5.47"
  resolved "https://registry.yarnpkg.com/@iosio/x/-/x-0.5.47.tgz#003e8b3a81e0e64aa67a7eedbd8ad23f38306679"
  integrity sha512-1jmSXVLpnxSey25XblITizuOW+FIjJwjiAaQx2sgi60oBiLe7wKLVURN4JM2nimAWV38KJV8C9DzF9Z9+uUceQ==
  dependencies:
    "@iosio/x-base" "^0.5.47"
    "@iosio/xact" "^0.5.47"

"@iosio/xact@^0.5.47":
  version "0.5.47"
  resolved "https://registry.yarnpkg.com/@iosio/xact/-/xact-0.5.47.tgz#e07e6ef96135531fe7ed4c8af628a9a95df2e414"
  integrity sha512-GI5yG/q5a1KzwjnKsGZlQD9JTDupG4kDXqBW2JdW8dFWFxahKtD7HGOhNTQSAqwVoVA5HFSIweodT/tAivbPbA==
  dependencies:
    "@iosio/util" "^0.5.47"

preact@^10.0.4:
  version "10.0.4"
  resolved "https://registry.yarnpkg.com/preact/-/preact-10.0.4.tgz#7c1a2e074ea64a2d3c83349f7f55304ed0e017a7"
  integrity sha512-x9QW91LVQZ4lkMZ8gOucyaW1414MEtgSC//JwlxR0nfq/QEdbaLQZrWFFWgjtGyNBBXg2P0TZ6u6W+XlpjcK2Q==
