{
	"name": "@iosio/fuse-worker",
	"version": "0.7.12",
	"lockfileVersion": 1,
	"requires": true,
	"dependencies": {
		"@iosio/lorem": {
			"version": "0.7.12",
			"resolved": "https://registry.npmjs.org/@iosio/lorem/-/lorem-0.7.12.tgz",
			"integrity": "sha512-PEMrLa+3DbaEL5MwYptO4EGRca2NGEAtF8rfAkb/eSCoxDEF4+cZ7AFrJkhEU30QUivfUQKL0wxD7t8m15jJpg==",
			"dev": true
		},
		"@iosio/util": {
			"version": "0.7.12",
			"resolved": "https://registry.npmjs.org/@iosio/util/-/util-0.7.12.tgz",
			"integrity": "sha512-INr0exMMhs+dEZd7YZYWSLDB/lE0aUBWdn5Wv2kXTEBqpzyCSuImBMqspfKl7B/gYyeoGLT4uiS/ca3G4D17QQ==",
			"dev": true
		},
		"@iosio/x": {
			"version": "0.7.14",
			"resolved": "https://registry.npmjs.org/@iosio/x/-/x-0.7.14.tgz",
			"integrity": "sha512-he0grNtuwoBtYp2hhulW5OlgzssUhd8bKQBeJDX1a8sWZh121+VWQUdjlxDnoKJgb9IC2cnwmoB8ksadMnmSrw==",
			"dev": true
		}
	}
}
